
Microsoft Visual Studio Solution File, Format Version 12.00
# Visual Studio Version 17
VisualStudioVersion = 17.12.35521.163
MinimumVisualStudioVersion = 10.0.40219.1
Project("{FAE04EC0-301F-11D3-BF4B-00C04F79EFBC}") = "LibroCalificaciones", "LibroCalificaciones\LibroCalificaciones.csproj", "{D84A67AE-2F85-4C42-B997-54BFD6345C9F}"
EndProject
Project("{FAE04EC0-301F-11D3-BF4B-00C04F79EFBC}") = "ConvertirTemperatura", "ConvertirTemperatura\ConvertirTemperatura.csproj", "{2D40FF5B-EA5A-40EA-99E1-86B5F69814E7}"
EndProject
Project("{FAE04EC0-301F-11D3-BF4B-00C04F79EFBC}") = "ConvertirDistancias", "ConvertirDistancias\ConvertirDistancias.csproj", "{FA503D19-7E03-408C-BA1C-EA91F0E6BE66}"
EndProject
Project("{2150E333-8FDC-42A3-9474-1A3956D46DE8}") = "Practicas en clase", "Practicas en clase", "{8709B78E-F7D6-4924-A8FC-E752FC48022B}"
EndProject
Project("{FAE04EC0-301F-11D3-BF4B-00C04F79EFBC}") = "Practica 03-05-2025", "Practica 03-05-2025\Practica 03-05-2025.csproj", "{27D74E74-5930-425F-BEAC-00BBF7B4CA78}"
EndProject
Project("{FAE04EC0-301F-11D3-BF4B-00C04F79EFBC}") = "SistemaGestionDeNomina", "SistemaGestionDeNomina\SistemaGestionDeNomina.csproj", "{60BE837D-40F2-4DD1-815D-BFD0940BB188}"
EndProject
Project("{2150E333-8FDC-42A3-9474-1A3956D46DE8}") = "Tareas", "Tareas", "{8825E218-83DA-4FCD-85A7-F585ADE6458B}"
EndProject
Project("{2150E333-8FDC-42A3-9474-1A3956D46DE8}") = "DRY, KISS & YAGNI", "DRY, KISS & YAGNI", "{7F5C0745-A769-46B8-8453-CC549826A935}"
EndProject
Project("{FAE04EC0-301F-11D3-BF4B-00C04F79EFBC}") = "KISS", "KISS\KISS.csproj", "{C1D23F57-8640-49E9-870B-CB5DB8DDE863}"
EndProject
Project("{FAE04EC0-301F-11D3-BF4B-00C04F79EFBC}") = "DRY", "DRY\DRY.csproj", "{576D6A92-2D75-413C-8BBC-3BF1B4043750}"
EndProject
Project("{FAE04EC0-301F-11D3-BF4B-00C04F79EFBC}") = "YAGNI", "YAGNI\YAGNI.csproj", "{F6584160-6C68-48DC-9C33-69E92FE1BAD5}"
EndProject
Project("{FAE04EC0-301F-11D3-BF4B-00C04F79EFBC}") = "SOLID", "SOLID\SOLID.csproj", "{B6FA1C0B-0645-430D-94F0-005215DC633F}"
EndProject
Project("{FAE04EC0-301F-11D3-BF4B-00C04F79EFBC}") = "Biblio.Web", "Biblio.Web\Biblio.Web.csproj", "{1C882CEC-570B-40D3-82AB-EF36921CBAE6}"
EndProject
Global
	GlobalSection(SolutionConfigurationPlatforms) = preSolution
		Debug|Any CPU = Debug|Any CPU
		Release|Any CPU = Release|Any CPU
	EndGlobalSection
	GlobalSection(ProjectConfigurationPlatforms) = postSolution
		{D84A67AE-2F85-4C42-B997-54BFD6345C9F}.Debug|Any CPU.ActiveCfg = Debug|Any CPU
		{D84A67AE-2F85-4C42-B997-54BFD6345C9F}.Debug|Any CPU.Build.0 = Debug|Any CPU
		{D84A67AE-2F85-4C42-B997-54BFD6345C9F}.Release|Any CPU.ActiveCfg = Release|Any CPU
		{D84A67AE-2F85-4C42-B997-54BFD6345C9F}.Release|Any CPU.Build.0 = Release|Any CPU
		{2D40FF5B-EA5A-40EA-99E1-86B5F69814E7}.Debug|Any CPU.ActiveCfg = Debug|Any CPU
		{2D40FF5B-EA5A-40EA-99E1-86B5F69814E7}.Debug|Any CPU.Build.0 = Debug|Any CPU
		{2D40FF5B-EA5A-40EA-99E1-86B5F69814E7}.Release|Any CPU.ActiveCfg = Release|Any CPU
		{2D40FF5B-EA5A-40EA-99E1-86B5F69814E7}.Release|Any CPU.Build.0 = Release|Any CPU
		{FA503D19-7E03-408C-BA1C-EA91F0E6BE66}.Debug|Any CPU.ActiveCfg = Debug|Any CPU
		{FA503D19-7E03-408C-BA1C-EA91F0E6BE66}.Debug|Any CPU.Build.0 = Debug|Any CPU
		{FA503D19-7E03-408C-BA1C-EA91F0E6BE66}.Release|Any CPU.ActiveCfg = Release|Any CPU
		{FA503D19-7E03-408C-BA1C-EA91F0E6BE66}.Release|Any CPU.Build.0 = Release|Any CPU
		{27D74E74-5930-425F-BEAC-00BBF7B4CA78}.Debug|Any CPU.ActiveCfg = Debug|Any CPU
		{27D74E74-5930-425F-BEAC-00BBF7B4CA78}.Debug|Any CPU.Build.0 = Debug|Any CPU
		{27D74E74-5930-425F-BEAC-00BBF7B4CA78}.Release|Any CPU.ActiveCfg = Release|Any CPU
		{27D74E74-5930-425F-BEAC-00BBF7B4CA78}.Release|Any CPU.Build.0 = Release|Any CPU
		{60BE837D-40F2-4DD1-815D-BFD0940BB188}.Debug|Any CPU.ActiveCfg = Debug|Any CPU
		{60BE837D-40F2-4DD1-815D-BFD0940BB188}.Debug|Any CPU.Build.0 = Debug|Any CPU
		{60BE837D-40F2-4DD1-815D-BFD0940BB188}.Release|Any CPU.ActiveCfg = Release|Any CPU
		{60BE837D-40F2-4DD1-815D-BFD0940BB188}.Release|Any CPU.Build.0 = Release|Any CPU
		{C1D23F57-8640-49E9-870B-CB5DB8DDE863}.Debug|Any CPU.ActiveCfg = Debug|Any CPU
		{C1D23F57-8640-49E9-870B-CB5DB8DDE863}.Debug|Any CPU.Build.0 = Debug|Any CPU
		{C1D23F57-8640-49E9-870B-CB5DB8DDE863}.Release|Any CPU.ActiveCfg = Release|Any CPU
		{C1D23F57-8640-49E9-870B-CB5DB8DDE863}.Release|Any CPU.Build.0 = Release|Any CPU
		{576D6A92-2D75-413C-8BBC-3BF1B4043750}.Debug|Any CPU.ActiveCfg = Debug|Any CPU
		{576D6A92-2D75-413C-8BBC-3BF1B4043750}.Debug|Any CPU.Build.0 = Debug|Any CPU
		{576D6A92-2D75-413C-8BBC-3BF1B4043750}.Release|Any CPU.ActiveCfg = Release|Any CPU
		{576D6A92-2D75-413C-8BBC-3BF1B4043750}.Release|Any CPU.Build.0 = Release|Any CPU
		{F6584160-6C68-48DC-9C33-69E92FE1BAD5}.Debug|Any CPU.ActiveCfg = Debug|Any CPU
		{F6584160-6C68-48DC-9C33-69E92FE1BAD5}.Debug|Any CPU.Build.0 = Debug|Any CPU
		{F6584160-6C68-48DC-9C33-69E92FE1BAD5}.Release|Any CPU.ActiveCfg = Release|Any CPU
		{F6584160-6C68-48DC-9C33-69E92FE1BAD5}.Release|Any CPU.Build.0 = Release|Any CPU
		{B6FA1C0B-0645-430D-94F0-005215DC633F}.Debug|Any CPU.ActiveCfg = Debug|Any CPU
		{B6FA1C0B-0645-430D-94F0-005215DC633F}.Debug|Any CPU.Build.0 = Debug|Any CPU
		{B6FA1C0B-0645-430D-94F0-005215DC633F}.Release|Any CPU.ActiveCfg = Release|Any CPU
		{B6FA1C0B-0645-430D-94F0-005215DC633F}.Release|Any CPU.Build.0 = Release|Any CPU
		{1C882CEC-570B-40D3-82AB-EF36921CBAE6}.Debug|Any CPU.ActiveCfg = Debug|Any CPU
		{1C882CEC-570B-40D3-82AB-EF36921CBAE6}.Debug|Any CPU.Build.0 = Debug|Any CPU
		{1C882CEC-570B-40D3-82AB-EF36921CBAE6}.Release|Any CPU.ActiveCfg = Release|Any CPU
		{1C882CEC-570B-40D3-82AB-EF36921CBAE6}.Release|Any CPU.Build.0 = Release|Any CPU
	EndGlobalSection
	GlobalSection(SolutionProperties) = preSolution
		HideSolutionNode = FALSE
	EndGlobalSection
	GlobalSection(NestedProjects) = preSolution
		{2D40FF5B-EA5A-40EA-99E1-86B5F69814E7} = {8825E218-83DA-4FCD-85A7-F585ADE6458B}
		{FA503D19-7E03-408C-BA1C-EA91F0E6BE66} = {8825E218-83DA-4FCD-85A7-F585ADE6458B}
		{27D74E74-5930-425F-BEAC-00BBF7B4CA78} = {8709B78E-F7D6-4924-A8FC-E752FC48022B}
		{60BE837D-40F2-4DD1-815D-BFD0940BB188} = {8825E218-83DA-4FCD-85A7-F585ADE6458B}
		{7F5C0745-A769-46B8-8453-CC549826A935} = {8825E218-83DA-4FCD-85A7-F585ADE6458B}
		{C1D23F57-8640-49E9-870B-CB5DB8DDE863} = {7F5C0745-A769-46B8-8453-CC549826A935}
		{576D6A92-2D75-413C-8BBC-3BF1B4043750} = {7F5C0745-A769-46B8-8453-CC549826A935}
		{F6584160-6C68-48DC-9C33-69E92FE1BAD5} = {7F5C0745-A769-46B8-8453-CC549826A935}
		{B6FA1C0B-0645-430D-94F0-005215DC633F} = {7F5C0745-A769-46B8-8453-CC549826A935}
	EndGlobalSection
EndGlobal
